<?xml version="1.0" encoding="utf-8"?>
<Project ToolsVersion="4.0" xmlns="http://schemas.microsoft.com/developer/msbuild/2003">
  <ItemGroup>
    <Filter Include="win32">
      <UniqueIdentifier>{84a8ebd7-7cf0-47f6-b75e-d441df67da40}</UniqueIdentifier>
    </Filter>
    <Filter Include="resource">
      <UniqueIdentifier>{715254bc-d70b-4ec5-bf29-467dd3ace079}</UniqueIdentifier>
    </Filter>
    <Filter Include="src">
      <UniqueIdentifier>{bb6c862e-70e9-49d9-81b7-3829a6f50471}</UniqueIdentifier>
    </Filter>
    <Filter Include="src\Layout">
      <UniqueIdentifier>{b2ac45aa-ad80-4299-9247-f19ee7aaf8bf}</UniqueIdentifier>
    </Filter>
    <Filter Include="src\framework">
      <UniqueIdentifier>{ceeaff71-9560-4db2-9b95-93f05ff3d692}</UniqueIdentifier>
    </Filter>
    <Filter Include="src\framework\tools">
      <UniqueIdentifier>{d9326da0-95ae-4243-9943-efe85bd4259e}</UniqueIdentifier>
    </Filter>
    <Filter Include="src\dataStructs">
      <UniqueIdentifier>{2e11dbc6-f572-4f60-b76a-1f6c2bb604f3}</UniqueIdentifier>
    </Filter>
  </ItemGroup>
  <ItemGroup>
    <ClCompile Include="main.cpp">
      <Filter>win32</Filter>
    </ClCompile>
    <ClCompile Include="..\Classes\AppDelegate.cpp" />
    <ClCompile Include="..\Classes\framework\tools\CharConvert.cpp">
      <Filter>src\framework\tools</Filter>
    </ClCompile>
    <ClCompile Include="..\Classes\layout\StartLayer.cpp">
      <Filter>src\Layout</Filter>
    </ClCompile>
    <ClCompile Include="..\Classes\layout\BattleMap.cpp">
      <Filter>src\Layout</Filter>
    </ClCompile>
    <ClCompile Include="..\Classes\layout\EditLayer.cpp">
      <Filter>src\Layout</Filter>
    </ClCompile>
    <ClCompile Include="..\Classes\layout\PlayLayer.cpp">
      <Filter>src\Layout</Filter>
    </ClCompile>
    <ClCompile Include="..\Classes\layout\OperationLayer.cpp">
      <Filter>src\Layout</Filter>
    </ClCompile>
  </ItemGroup>
  <ItemGroup>
    <ClInclude Include="main.h">
      <Filter>win32</Filter>
    </ClInclude>
    <ClInclude Include="..\Classes\AppDelegate.h" />
    <ClInclude Include="..\Classes\framework\tools\CharConvert.h">
      <Filter>src\framework\tools</Filter>
    </ClInclude>
    <ClInclude Include="..\Classes\layout\StartLayer.h">
      <Filter>src\Layout</Filter>
    </ClInclude>
    <ClInclude Include="..\Classes\dataStructs\DataManager.h">
      <Filter>src\dataStructs</Filter>
    </ClInclude>
    <ClInclude Include="..\Classes\layout\BattleMap.h">
      <Filter>src\Layout</Filter>
    </ClInclude>
    <ClInclude Include="..\Classes\layout\EditLayer.h">
      <Filter>src\Layout</Filter>
    </ClInclude>
    <ClInclude Include="..\Classes\layout\PlayLayer.h">
      <Filter>src\Layout</Filter>
    </ClInclude>
    <ClInclude Include="..\Classes\layout\OperationLayer.h">
      <Filter>src\Layout</Filter>
    </ClInclude>
  </ItemGroup>
  <ItemGroup>
    <ResourceCompile Include="game.rc">
      <Filter>resource</Filter>
    </ResourceCompile>
  </ItemGroup>
</Project>